
Microsoft Visual Studio Solution File, Format Version 12.00
# Visual Studio Version 17
VisualStudioVersion = 17.6.33815.320
MinimumVisualStudioVersion = 10.0.40219.1
Project("{FAE04EC0-301F-11D3-BF4B-00C04F79EFBC}") = "BookShoppingCartMvc", "BookShoppingCartMvc\BookShoppingCartMvc.csproj", "{4EE011C8-DE90-4CD0-B11D-A7CE57F6DC85}"
EndProject
Global
	GlobalSection(SolutionConfigurationPlatforms) = preSolution
		Debug|Any CPU = Debug|Any CPU
		Release|Any CPU = Release|Any CPU
	EndGlobalSection
	GlobalSection(ProjectConfigurationPlatforms) = postSolution
		{4EE011C8-DE90-4CD0-B11D-A7CE57F6DC85}.Debug|Any CPU.ActiveCfg = Debug|Any CPU
		{4EE011C8-DE90-4CD0-B11D-A7CE57F6DC85}.Debug|Any CPU.Build.0 = Debug|Any CPU
		{4EE011C8-DE90-4CD0-B11D-A7CE57F6DC85}.Release|Any CPU.ActiveCfg = Release|Any CPU
		{4EE011C8-DE90-4CD0-B11D-A7CE57F6DC85}.Release|Any CPU.Build.0 = Release|Any CPU
	EndGlobalSection
	GlobalSection(SolutionProperties) = preSolution
		HideSolutionNode = FALSE
	EndGlobalSection
	GlobalSection(ExtensibilityGlobals) = postSolution
		SolutionGuid = {253A98C6-C400-4A46-A2BC-35F9D479E38A}
	EndGlobalSection
EndGlobal
